
Microsoft Visual Studio Solution File, Format Version 12.00
# Visual Studio 14
VisualStudioVersion = 14.0.25420.1
MinimumVisualStudioVersion = 10.0.40219.1
Project("{FAE04EC0-301F-11D3-BF4B-00C04F79EFBC}") = "Task38", "Task38\Task38.csproj", "{D9028F2C-61ED-455F-8B59-DF6635730EB8}"
EndProject
Project("{FAE04EC0-301F-11D3-BF4B-00C04F79EFBC}") = "OnlineTask1", "OnlineTask1\OnlineTask1.csproj", "{778EC61C-B1BF-4B88-B782-11BAB37AF37A}"
EndProject
Project("{FAE04EC0-301F-11D3-BF4B-00C04F79EFBC}") = "Task39", "Task39\Task39.csproj", "{038CB7FE-F60A-4E9B-A089-BD513FF808D3}"
EndProject
Project("{FAE04EC0-301F-11D3-BF4B-00C04F79EFBC}") = "Task40", "Task40\Task40.csproj", "{C84D2A32-871E-41F3-9760-8907EEFCDB28}"
EndProject
Project("{FAE04EC0-301F-11D3-BF4B-00C04F79EFBC}") = "Task44", "Task44\Task44.csproj", "{B33F736D-F7EB-48E0-B745-125069392BCB}"
EndProject
Project("{FAE04EC0-301F-11D3-BF4B-00C04F79EFBC}") = "Task45", "Task45\Task45.csproj", "{344B139E-8242-438C-B7AC-C804FFF786C2}"
EndProject
Project("{FAE04EC0-301F-11D3-BF4B-00C04F79EFBC}") = "Task41", "Task41\Task41.csproj", "{7A145292-A98A-4FEF-B0ED-795082EE1B71}"
EndProject
Project("{FAE04EC0-301F-11D3-BF4B-00C04F79EFBC}") = "Task42", "Task42\Task42.csproj", "{EF0BA0EF-5F7D-4874-8D26-39674063EAD0}"
EndProject
Project("{FAE04EC0-301F-11D3-BF4B-00C04F79EFBC}") = "Task46", "Task46\Task46.csproj", "{884BB83A-3908-4480-AEF0-A0AB74C8F713}"
EndProject
Project("{FAE04EC0-301F-11D3-BF4B-00C04F79EFBC}") = "Task47", "Task47\Task47.csproj", "{35C926FD-4B9C-4947-AE83-31E5DFEF7132}"
EndProject
Project("{FAE04EC0-301F-11D3-BF4B-00C04F79EFBC}") = "Task43", "Task43\Task43.csproj", "{9D7C5D2C-4E0A-4E88-A2A3-88C25E2B1E66}"
EndProject
Project("{FAE04EC0-301F-11D3-BF4B-00C04F79EFBC}") = "Task49", "Task49\Task49.csproj", "{E7DE598A-8D8F-4FCB-8789-86CEEC1D2749}"
EndProject
Project("{FAE04EC0-301F-11D3-BF4B-00C04F79EFBC}") = "Task50", "Task50\Task50.csproj", "{F966C608-2E94-433C-BE2E-D001DB3405D3}"
EndProject
Project("{FAE04EC0-301F-11D3-BF4B-00C04F79EFBC}") = "Task51", "Task51\Task51.csproj", "{E0736AF8-C0F4-483C-998A-BD4F638B6171}"
EndProject
Project("{FAE04EC0-301F-11D3-BF4B-00C04F79EFBC}") = "Task53", "Task53\Task53.csproj", "{A3ED36CE-919A-46F1-AF0B-E5E7121421BB}"
EndProject
Project("{FAE04EC0-301F-11D3-BF4B-00C04F79EFBC}") = "Task52", "Task52\Task52.csproj", "{1BB60AC3-ABAC-4EE3-9B8F-81A181E71318}"
EndProject
Project("{FAE04EC0-301F-11D3-BF4B-00C04F79EFBC}") = "Task54", "Task54\Task54.csproj", "{8ACDB3B4-431C-4843-8756-5CCDA16EAAC3}"
EndProject
Project("{FAE04EC0-301F-11D3-BF4B-00C04F79EFBC}") = "Task55", "Task55\Task55.csproj", "{F703E70A-51A4-48C2-88FC-9D00BB3D9811}"
EndProject
Project("{FAE04EC0-301F-11D3-BF4B-00C04F79EFBC}") = "OnlineTask2", "OnlineTask2\OnlineTask2.csproj", "{0323F679-4480-4639-A8EE-B1E349B1E963}"
EndProject
Project("{FAE04EC0-301F-11D3-BF4B-00C04F79EFBC}") = "Task57", "Task57\Task57.csproj", "{63BCF2EC-093A-4D8A-A5C0-9E52E5135B2D}"
EndProject
Project("{FAE04EC0-301F-11D3-BF4B-00C04F79EFBC}") = "Task56", "Task56\Task56.csproj", "{E8CE0E8F-D5A6-4CA6-A9D1-0145F9D45AB9}"
EndProject
Project("{FAE04EC0-301F-11D3-BF4B-00C04F79EFBC}") = "Task58", "Task58\Task58.csproj", "{87B0B73F-AD4A-48F7-9293-F8984BBA21A9}"
EndProject
Project("{FAE04EC0-301F-11D3-BF4B-00C04F79EFBC}") = "Task59", "Task59\Task59.csproj", "{A8F36A68-DB17-4D0D-B20C-B64A53C50868}"
EndProject
Project("{FAE04EC0-301F-11D3-BF4B-00C04F79EFBC}") = "Task60", "Task60\Task60.csproj", "{385C542B-42B5-4CD6-AB1B-65DC31ABC825}"
EndProject
Project("{FAE04EC0-301F-11D3-BF4B-00C04F79EFBC}") = "Task61", "Task61\Task61.csproj", "{B11EC694-A93D-44D0-9F41-88D202D37C64}"
EndProject
Project("{FAE04EC0-301F-11D3-BF4B-00C04F79EFBC}") = "Task62", "Task62\Task62.csproj", "{9D152FD0-78CB-4C75-BEB6-64DB6BF190A1}"
EndProject
Project("{FAE04EC0-301F-11D3-BF4B-00C04F79EFBC}") = "Task63", "Task63\Task63.csproj", "{6E602FF1-6B5F-4062-A753-CBA13BAC1581}"
EndProject
Project("{FAE04EC0-301F-11D3-BF4B-00C04F79EFBC}") = "Task64", "Task64\Task64.csproj", "{F1219D9C-C3F2-41A3-90FA-B282CFD573D6}"
EndProject
Project("{FAE04EC0-301F-11D3-BF4B-00C04F79EFBC}") = "OnlineTask3", "OnlineTask3\OnlineTask3.csproj", "{F07034B5-568E-4CF2-94F8-1E6BBE676167}"
EndProject
Project("{FAE04EC0-301F-11D3-BF4B-00C04F79EFBC}") = "Task65", "Task65\Task65.csproj", "{5FD25DCD-4CBC-405E-9B8F-2FD8C10B65F2}"
EndProject
Global
	GlobalSection(SolutionConfigurationPlatforms) = preSolution
		Debug|Any CPU = Debug|Any CPU
		Release|Any CPU = Release|Any CPU
	EndGlobalSection
	GlobalSection(ProjectConfigurationPlatforms) = postSolution
		{D9028F2C-61ED-455F-8B59-DF6635730EB8}.Debug|Any CPU.ActiveCfg = Debug|Any CPU
		{D9028F2C-61ED-455F-8B59-DF6635730EB8}.Debug|Any CPU.Build.0 = Debug|Any CPU
		{D9028F2C-61ED-455F-8B59-DF6635730EB8}.Release|Any CPU.ActiveCfg = Release|Any CPU
		{D9028F2C-61ED-455F-8B59-DF6635730EB8}.Release|Any CPU.Build.0 = Release|Any CPU
		{778EC61C-B1BF-4B88-B782-11BAB37AF37A}.Debug|Any CPU.ActiveCfg = Debug|Any CPU
		{778EC61C-B1BF-4B88-B782-11BAB37AF37A}.Debug|Any CPU.Build.0 = Debug|Any CPU
		{778EC61C-B1BF-4B88-B782-11BAB37AF37A}.Release|Any CPU.ActiveCfg = Release|Any CPU
		{778EC61C-B1BF-4B88-B782-11BAB37AF37A}.Release|Any CPU.Build.0 = Release|Any CPU
		{038CB7FE-F60A-4E9B-A089-BD513FF808D3}.Debug|Any CPU.ActiveCfg = Debug|Any CPU
		{038CB7FE-F60A-4E9B-A089-BD513FF808D3}.Debug|Any CPU.Build.0 = Debug|Any CPU
		{038CB7FE-F60A-4E9B-A089-BD513FF808D3}.Release|Any CPU.ActiveCfg = Release|Any CPU
		{038CB7FE-F60A-4E9B-A089-BD513FF808D3}.Release|Any CPU.Build.0 = Release|Any CPU
		{C84D2A32-871E-41F3-9760-8907EEFCDB28}.Debug|Any CPU.ActiveCfg = Debug|Any CPU
		{C84D2A32-871E-41F3-9760-8907EEFCDB28}.Debug|Any CPU.Build.0 = Debug|Any CPU
		{C84D2A32-871E-41F3-9760-8907EEFCDB28}.Release|Any CPU.ActiveCfg = Release|Any CPU
		{C84D2A32-871E-41F3-9760-8907EEFCDB28}.Release|Any CPU.Build.0 = Release|Any CPU
		{B33F736D-F7EB-48E0-B745-125069392BCB}.Debug|Any CPU.ActiveCfg = Debug|Any CPU
		{B33F736D-F7EB-48E0-B745-125069392BCB}.Debug|Any CPU.Build.0 = Debug|Any CPU
		{B33F736D-F7EB-48E0-B745-125069392BCB}.Release|Any CPU.ActiveCfg = Release|Any CPU
		{B33F736D-F7EB-48E0-B745-125069392BCB}.Release|Any CPU.Build.0 = Release|Any CPU
		{344B139E-8242-438C-B7AC-C804FFF786C2}.Debug|Any CPU.ActiveCfg = Debug|Any CPU
		{344B139E-8242-438C-B7AC-C804FFF786C2}.Debug|Any CPU.Build.0 = Debug|Any CPU
		{344B139E-8242-438C-B7AC-C804FFF786C2}.Release|Any CPU.ActiveCfg = Release|Any CPU
		{344B139E-8242-438C-B7AC-C804FFF786C2}.Release|Any CPU.Build.0 = Release|Any CPU
		{7A145292-A98A-4FEF-B0ED-795082EE1B71}.Debug|Any CPU.ActiveCfg = Debug|Any CPU
		{7A145292-A98A-4FEF-B0ED-795082EE1B71}.Debug|Any CPU.Build.0 = Debug|Any CPU
		{7A145292-A98A-4FEF-B0ED-795082EE1B71}.Release|Any CPU.ActiveCfg = Release|Any CPU
		{7A145292-A98A-4FEF-B0ED-795082EE1B71}.Release|Any CPU.Build.0 = Release|Any CPU
		{EF0BA0EF-5F7D-4874-8D26-39674063EAD0}.Debug|Any CPU.ActiveCfg = Debug|Any CPU
		{EF0BA0EF-5F7D-4874-8D26-39674063EAD0}.Debug|Any CPU.Build.0 = Debug|Any CPU
		{EF0BA0EF-5F7D-4874-8D26-39674063EAD0}.Release|Any CPU.ActiveCfg = Release|Any CPU
		{EF0BA0EF-5F7D-4874-8D26-39674063EAD0}.Release|Any CPU.Build.0 = Release|Any CPU
		{884BB83A-3908-4480-AEF0-A0AB74C8F713}.Debug|Any CPU.ActiveCfg = Debug|Any CPU
		{884BB83A-3908-4480-AEF0-A0AB74C8F713}.Debug|Any CPU.Build.0 = Debug|Any CPU
		{884BB83A-3908-4480-AEF0-A0AB74C8F713}.Release|Any CPU.ActiveCfg = Release|Any CPU
		{884BB83A-3908-4480-AEF0-A0AB74C8F713}.Release|Any CPU.Build.0 = Release|Any CPU
		{35C926FD-4B9C-4947-AE83-31E5DFEF7132}.Debug|Any CPU.ActiveCfg = Debug|Any CPU
		{35C926FD-4B9C-4947-AE83-31E5DFEF7132}.Debug|Any CPU.Build.0 = Debug|Any CPU
		{35C926FD-4B9C-4947-AE83-31E5DFEF7132}.Release|Any CPU.ActiveCfg = Release|Any CPU
		{35C926FD-4B9C-4947-AE83-31E5DFEF7132}.Release|Any CPU.Build.0 = Release|Any CPU
		{9D7C5D2C-4E0A-4E88-A2A3-88C25E2B1E66}.Debug|Any CPU.ActiveCfg = Debug|Any CPU
		{9D7C5D2C-4E0A-4E88-A2A3-88C25E2B1E66}.Debug|Any CPU.Build.0 = Debug|Any CPU
		{9D7C5D2C-4E0A-4E88-A2A3-88C25E2B1E66}.Release|Any CPU.ActiveCfg = Release|Any CPU
		{9D7C5D2C-4E0A-4E88-A2A3-88C25E2B1E66}.Release|Any CPU.Build.0 = Release|Any CPU
		{E7DE598A-8D8F-4FCB-8789-86CEEC1D2749}.Debug|Any CPU.ActiveCfg = Debug|Any CPU
		{E7DE598A-8D8F-4FCB-8789-86CEEC1D2749}.Debug|Any CPU.Build.0 = Debug|Any CPU
		{E7DE598A-8D8F-4FCB-8789-86CEEC1D2749}.Release|Any CPU.ActiveCfg = Release|Any CPU
		{E7DE598A-8D8F-4FCB-8789-86CEEC1D2749}.Release|Any CPU.Build.0 = Release|Any CPU
		{F966C608-2E94-433C-BE2E-D001DB3405D3}.Debug|Any CPU.ActiveCfg = Debug|Any CPU
		{F966C608-2E94-433C-BE2E-D001DB3405D3}.Debug|Any CPU.Build.0 = Debug|Any CPU
		{F966C608-2E94-433C-BE2E-D001DB3405D3}.Release|Any CPU.ActiveCfg = Release|Any CPU
		{F966C608-2E94-433C-BE2E-D001DB3405D3}.Release|Any CPU.Build.0 = Release|Any CPU
		{E0736AF8-C0F4-483C-998A-BD4F638B6171}.Debug|Any CPU.ActiveCfg = Debug|Any CPU
		{E0736AF8-C0F4-483C-998A-BD4F638B6171}.Debug|Any CPU.Build.0 = Debug|Any CPU
		{E0736AF8-C0F4-483C-998A-BD4F638B6171}.Release|Any CPU.ActiveCfg = Release|Any CPU
		{E0736AF8-C0F4-483C-998A-BD4F638B6171}.Release|Any CPU.Build.0 = Release|Any CPU
		{A3ED36CE-919A-46F1-AF0B-E5E7121421BB}.Debug|Any CPU.ActiveCfg = Debug|Any CPU
		{A3ED36CE-919A-46F1-AF0B-E5E7121421BB}.Debug|Any CPU.Build.0 = Debug|Any CPU
		{A3ED36CE-919A-46F1-AF0B-E5E7121421BB}.Release|Any CPU.ActiveCfg = Release|Any CPU
		{A3ED36CE-919A-46F1-AF0B-E5E7121421BB}.Release|Any CPU.Build.0 = Release|Any CPU
		{1BB60AC3-ABAC-4EE3-9B8F-81A181E71318}.Debug|Any CPU.ActiveCfg = Debug|Any CPU
		{1BB60AC3-ABAC-4EE3-9B8F-81A181E71318}.Debug|Any CPU.Build.0 = Debug|Any CPU
		{1BB60AC3-ABAC-4EE3-9B8F-81A181E71318}.Release|Any CPU.ActiveCfg = Release|Any CPU
		{1BB60AC3-ABAC-4EE3-9B8F-81A181E71318}.Release|Any CPU.Build.0 = Release|Any CPU
		{8ACDB3B4-431C-4843-8756-5CCDA16EAAC3}.Debug|Any CPU.ActiveCfg = Debug|Any CPU
		{8ACDB3B4-431C-4843-8756-5CCDA16EAAC3}.Debug|Any CPU.Build.0 = Debug|Any CPU
		{8ACDB3B4-431C-4843-8756-5CCDA16EAAC3}.Release|Any CPU.ActiveCfg = Release|Any CPU
		{8ACDB3B4-431C-4843-8756-5CCDA16EAAC3}.Release|Any CPU.Build.0 = Release|Any CPU
		{F703E70A-51A4-48C2-88FC-9D00BB3D9811}.Debug|Any CPU.ActiveCfg = Debug|Any CPU
		{F703E70A-51A4-48C2-88FC-9D00BB3D9811}.Debug|Any CPU.Build.0 = Debug|Any CPU
		{F703E70A-51A4-48C2-88FC-9D00BB3D9811}.Release|Any CPU.ActiveCfg = Release|Any CPU
		{F703E70A-51A4-48C2-88FC-9D00BB3D9811}.Release|Any CPU.Build.0 = Release|Any CPU
		{0323F679-4480-4639-A8EE-B1E349B1E963}.Debug|Any CPU.ActiveCfg = Debug|Any CPU
		{0323F679-4480-4639-A8EE-B1E349B1E963}.Debug|Any CPU.Build.0 = Debug|Any CPU
		{0323F679-4480-4639-A8EE-B1E349B1E963}.Release|Any CPU.ActiveCfg = Release|Any CPU
		{0323F679-4480-4639-A8EE-B1E349B1E963}.Release|Any CPU.Build.0 = Release|Any CPU
		{63BCF2EC-093A-4D8A-A5C0-9E52E5135B2D}.Debug|Any CPU.ActiveCfg = Debug|Any CPU
		{63BCF2EC-093A-4D8A-A5C0-9E52E5135B2D}.Debug|Any CPU.Build.0 = Debug|Any CPU
		{63BCF2EC-093A-4D8A-A5C0-9E52E5135B2D}.Release|Any CPU.ActiveCfg = Release|Any CPU
		{63BCF2EC-093A-4D8A-A5C0-9E52E5135B2D}.Release|Any CPU.Build.0 = Release|Any CPU
		{E8CE0E8F-D5A6-4CA6-A9D1-0145F9D45AB9}.Debug|Any CPU.ActiveCfg = Debug|Any CPU
		{E8CE0E8F-D5A6-4CA6-A9D1-0145F9D45AB9}.Debug|Any CPU.Build.0 = Debug|Any CPU
		{E8CE0E8F-D5A6-4CA6-A9D1-0145F9D45AB9}.Release|Any CPU.ActiveCfg = Release|Any CPU
		{E8CE0E8F-D5A6-4CA6-A9D1-0145F9D45AB9}.Release|Any CPU.Build.0 = Release|Any CPU
		{87B0B73F-AD4A-48F7-9293-F8984BBA21A9}.Debug|Any CPU.ActiveCfg = Debug|Any CPU
		{87B0B73F-AD4A-48F7-9293-F8984BBA21A9}.Debug|Any CPU.Build.0 = Debug|Any CPU
		{87B0B73F-AD4A-48F7-9293-F8984BBA21A9}.Release|Any CPU.ActiveCfg = Release|Any CPU
		{87B0B73F-AD4A-48F7-9293-F8984BBA21A9}.Release|Any CPU.Build.0 = Release|Any CPU
		{A8F36A68-DB17-4D0D-B20C-B64A53C50868}.Debug|Any CPU.ActiveCfg = Debug|Any CPU
		{A8F36A68-DB17-4D0D-B20C-B64A53C50868}.Debug|Any CPU.Build.0 = Debug|Any CPU
		{A8F36A68-DB17-4D0D-B20C-B64A53C50868}.Release|Any CPU.ActiveCfg = Release|Any CPU
		{A8F36A68-DB17-4D0D-B20C-B64A53C50868}.Release|Any CPU.Build.0 = Release|Any CPU
		{385C542B-42B5-4CD6-AB1B-65DC31ABC825}.Debug|Any CPU.ActiveCfg = Debug|Any CPU
		{385C542B-42B5-4CD6-AB1B-65DC31ABC825}.Debug|Any CPU.Build.0 = Debug|Any CPU
		{385C542B-42B5-4CD6-AB1B-65DC31ABC825}.Release|Any CPU.ActiveCfg = Release|Any CPU
		{385C542B-42B5-4CD6-AB1B-65DC31ABC825}.Release|Any CPU.Build.0 = Release|Any CPU
		{B11EC694-A93D-44D0-9F41-88D202D37C64}.Debug|Any CPU.ActiveCfg = Debug|Any CPU
		{B11EC694-A93D-44D0-9F41-88D202D37C64}.Debug|Any CPU.Build.0 = Debug|Any CPU
		{B11EC694-A93D-44D0-9F41-88D202D37C64}.Release|Any CPU.ActiveCfg = Release|Any CPU
		{B11EC694-A93D-44D0-9F41-88D202D37C64}.Release|Any CPU.Build.0 = Release|Any CPU
		{9D152FD0-78CB-4C75-BEB6-64DB6BF190A1}.Debug|Any CPU.ActiveCfg = Debug|Any CPU
		{9D152FD0-78CB-4C75-BEB6-64DB6BF190A1}.Debug|Any CPU.Build.0 = Debug|Any CPU
		{9D152FD0-78CB-4C75-BEB6-64DB6BF190A1}.Release|Any CPU.ActiveCfg = Release|Any CPU
		{9D152FD0-78CB-4C75-BEB6-64DB6BF190A1}.Release|Any CPU.Build.0 = Release|Any CPU
		{6E602FF1-6B5F-4062-A753-CBA13BAC1581}.Debug|Any CPU.ActiveCfg = Debug|Any CPU
		{6E602FF1-6B5F-4062-A753-CBA13BAC1581}.Debug|Any CPU.Build.0 = Debug|Any CPU
		{6E602FF1-6B5F-4062-A753-CBA13BAC1581}.Release|Any CPU.ActiveCfg = Release|Any CPU
		{6E602FF1-6B5F-4062-A753-CBA13BAC1581}.Release|Any CPU.Build.0 = Release|Any CPU
		{F1219D9C-C3F2-41A3-90FA-B282CFD573D6}.Debug|Any CPU.ActiveCfg = Debug|Any CPU
		{F1219D9C-C3F2-41A3-90FA-B282CFD573D6}.Debug|Any CPU.Build.0 = Debug|Any CPU
		{F1219D9C-C3F2-41A3-90FA-B282CFD573D6}.Release|Any CPU.ActiveCfg = Release|Any CPU
		{F1219D9C-C3F2-41A3-90FA-B282CFD573D6}.Release|Any CPU.Build.0 = Release|Any CPU
		{F07034B5-568E-4CF2-94F8-1E6BBE676167}.Debug|Any CPU.ActiveCfg = Debug|Any CPU
		{F07034B5-568E-4CF2-94F8-1E6BBE676167}.Debug|Any CPU.Build.0 = Debug|Any CPU
		{F07034B5-568E-4CF2-94F8-1E6BBE676167}.Release|Any CPU.ActiveCfg = Release|Any CPU
		{F07034B5-568E-4CF2-94F8-1E6BBE676167}.Release|Any CPU.Build.0 = Release|Any CPU
		{5FD25DCD-4CBC-405E-9B8F-2FD8C10B65F2}.Debug|Any CPU.ActiveCfg = Debug|Any CPU
		{5FD25DCD-4CBC-405E-9B8F-2FD8C10B65F2}.Debug|Any CPU.Build.0 = Debug|Any CPU
		{5FD25DCD-4CBC-405E-9B8F-2FD8C10B65F2}.Release|Any CPU.ActiveCfg = Release|Any CPU
		{5FD25DCD-4CBC-405E-9B8F-2FD8C10B65F2}.Release|Any CPU.Build.0 = Release|Any CPU
	EndGlobalSection
	GlobalSection(SolutionProperties) = preSolution
		HideSolutionNode = FALSE
	EndGlobalSection
EndGlobal
