
Microsoft Visual Studio Solution File, Format Version 12.00
# Visual Studio 14
VisualStudioVersion = 14.0.25420.1
MinimumVisualStudioVersion = 10.0.40219.1
Project("{FAE04EC0-301F-11D3-BF4B-00C04F79EFBC}") = "Task38", "Task38\Task38.csproj", "{D9028F2C-61ED-455F-8B59-DF6635730EB8}"
EndProject
Project("{FAE04EC0-301F-11D3-BF4B-00C04F79EFBC}") = "OnlineTask1", "OnlineTask1\OnlineTask1.csproj", "{778EC61C-B1BF-4B88-B782-11BAB37AF37A}"
EndProject
Project("{FAE04EC0-301F-11D3-BF4B-00C04F79EFBC}") = "Task39", "Task39\Task39.csproj", "{038CB7FE-F60A-4E9B-A089-BD513FF808D3}"
EndProject
Global
	GlobalSection(SolutionConfigurationPlatforms) = preSolution
		Debug|Any CPU = Debug|Any CPU
		Release|Any CPU = Release|Any CPU
	EndGlobalSection
	GlobalSection(ProjectConfigurationPlatforms) = postSolution
		{D9028F2C-61ED-455F-8B59-DF6635730EB8}.Debug|Any CPU.ActiveCfg = Debug|Any CPU
		{D9028F2C-61ED-455F-8B59-DF6635730EB8}.Debug|Any CPU.Build.0 = Debug|Any CPU
		{D9028F2C-61ED-455F-8B59-DF6635730EB8}.Release|Any CPU.ActiveCfg = Release|Any CPU
		{D9028F2C-61ED-455F-8B59-DF6635730EB8}.Release|Any CPU.Build.0 = Release|Any CPU
		{778EC61C-B1BF-4B88-B782-11BAB37AF37A}.Debug|Any CPU.ActiveCfg = Debug|Any CPU
		{778EC61C-B1BF-4B88-B782-11BAB37AF37A}.Debug|Any CPU.Build.0 = Debug|Any CPU
		{778EC61C-B1BF-4B88-B782-11BAB37AF37A}.Release|Any CPU.ActiveCfg = Release|Any CPU
		{778EC61C-B1BF-4B88-B782-11BAB37AF37A}.Release|Any CPU.Build.0 = Release|Any CPU
		{038CB7FE-F60A-4E9B-A089-BD513FF808D3}.Debug|Any CPU.ActiveCfg = Debug|Any CPU
		{038CB7FE-F60A-4E9B-A089-BD513FF808D3}.Debug|Any CPU.Build.0 = Debug|Any CPU
		{038CB7FE-F60A-4E9B-A089-BD513FF808D3}.Release|Any CPU.ActiveCfg = Release|Any CPU
		{038CB7FE-F60A-4E9B-A089-BD513FF808D3}.Release|Any CPU.Build.0 = Release|Any CPU
	EndGlobalSection
	GlobalSection(SolutionProperties) = preSolution
		HideSolutionNode = FALSE
	EndGlobalSection
EndGlobal
